
Microsoft Visual Studio Solution File, Format Version 12.00
# Visual Studio Version 17
VisualStudioVersion = 17.10.35013.160
MinimumVisualStudioVersion = 10.0.40219.1
Project("{8BC9CEB8-8B4A-11D0-8D11-00A0C91BC942}") = "QTMessenger", "QTMessenger\QTMessenger.vcxproj", "{694A267B-AE27-4403-B42C-A31A87BC7568}"
EndProject
Project("{8BC9CEB8-8B4A-11D0-8D11-00A0C91BC942}") = "QTServer1", "QTServer1\QTServer1.vcxproj", "{5C679BDF-A5D3-4941-846D-16DDFDE5016D}"
EndProject
Project("{8BC9CEB8-8B4A-11D0-8D11-00A0C91BC942}") = "QTMessengerLibrary1", "QTMessengerLibrary1\QTMessengerLibrary1.vcxproj", "{74E34B1E-A4ED-4BB6-8FD9-1D998F5760F6}"
EndProject
Project("{8BC9CEB8-8B4A-11D0-8D11-00A0C91BC942}") = "QTBroker", "QTBroker\QTBroker.vcxproj", "{0973AE89-5CFF-4208-BDD8-55E0E528E2B4}"
EndProject
Global
	GlobalSection(SolutionConfigurationPlatforms) = preSolution
		Debug|x64 = Debug|x64
		Debug|x86 = Debug|x86
		Release|x64 = Release|x64
		Release|x86 = Release|x86
	EndGlobalSection
	GlobalSection(ProjectConfigurationPlatforms) = postSolution
		{694A267B-AE27-4403-B42C-A31A87BC7568}.Debug|x64.ActiveCfg = Debug|x64
		{694A267B-AE27-4403-B42C-A31A87BC7568}.Debug|x64.Build.0 = Debug|x64
		{694A267B-AE27-4403-B42C-A31A87BC7568}.Debug|x86.ActiveCfg = Debug|x64
		{694A267B-AE27-4403-B42C-A31A87BC7568}.Debug|x86.Build.0 = Debug|x64
		{694A267B-AE27-4403-B42C-A31A87BC7568}.Release|x64.ActiveCfg = Release|x64
		{694A267B-AE27-4403-B42C-A31A87BC7568}.Release|x64.Build.0 = Release|x64
		{694A267B-AE27-4403-B42C-A31A87BC7568}.Release|x86.ActiveCfg = Release|x64
		{694A267B-AE27-4403-B42C-A31A87BC7568}.Release|x86.Build.0 = Release|x64
		{5C679BDF-A5D3-4941-846D-16DDFDE5016D}.Debug|x64.ActiveCfg = Debug|x64
		{5C679BDF-A5D3-4941-846D-16DDFDE5016D}.Debug|x64.Build.0 = Debug|x64
		{5C679BDF-A5D3-4941-846D-16DDFDE5016D}.Debug|x86.ActiveCfg = Debug|x64
		{5C679BDF-A5D3-4941-846D-16DDFDE5016D}.Debug|x86.Build.0 = Debug|x64
		{5C679BDF-A5D3-4941-846D-16DDFDE5016D}.Release|x64.ActiveCfg = Release|x64
		{5C679BDF-A5D3-4941-846D-16DDFDE5016D}.Release|x64.Build.0 = Release|x64
		{5C679BDF-A5D3-4941-846D-16DDFDE5016D}.Release|x86.ActiveCfg = Release|x64
		{5C679BDF-A5D3-4941-846D-16DDFDE5016D}.Release|x86.Build.0 = Release|x64
		{74E34B1E-A4ED-4BB6-8FD9-1D998F5760F6}.Debug|x64.ActiveCfg = Debug|x64
		{74E34B1E-A4ED-4BB6-8FD9-1D998F5760F6}.Debug|x64.Build.0 = Debug|x64
		{74E34B1E-A4ED-4BB6-8FD9-1D998F5760F6}.Debug|x86.ActiveCfg = Debug|x64
		{74E34B1E-A4ED-4BB6-8FD9-1D998F5760F6}.Debug|x86.Build.0 = Debug|x64
		{74E34B1E-A4ED-4BB6-8FD9-1D998F5760F6}.Release|x64.ActiveCfg = Release|x64
		{74E34B1E-A4ED-4BB6-8FD9-1D998F5760F6}.Release|x64.Build.0 = Release|x64
		{74E34B1E-A4ED-4BB6-8FD9-1D998F5760F6}.Release|x86.ActiveCfg = Release|x64
		{74E34B1E-A4ED-4BB6-8FD9-1D998F5760F6}.Release|x86.Build.0 = Release|x64
		{0973AE89-5CFF-4208-BDD8-55E0E528E2B4}.Debug|x64.ActiveCfg = Debug|x64
		{0973AE89-5CFF-4208-BDD8-55E0E528E2B4}.Debug|x64.Build.0 = Debug|x64
		{0973AE89-5CFF-4208-BDD8-55E0E528E2B4}.Debug|x86.ActiveCfg = Debug|x64
		{0973AE89-5CFF-4208-BDD8-55E0E528E2B4}.Debug|x86.Build.0 = Debug|x64
		{0973AE89-5CFF-4208-BDD8-55E0E528E2B4}.Release|x64.ActiveCfg = Release|x64
		{0973AE89-5CFF-4208-BDD8-55E0E528E2B4}.Release|x64.Build.0 = Release|x64
		{0973AE89-5CFF-4208-BDD8-55E0E528E2B4}.Release|x86.ActiveCfg = Release|x64
		{0973AE89-5CFF-4208-BDD8-55E0E528E2B4}.Release|x86.Build.0 = Release|x64
	EndGlobalSection
	GlobalSection(SolutionProperties) = preSolution
		HideSolutionNode = FALSE
	EndGlobalSection
	GlobalSection(ExtensibilityGlobals) = postSolution
		SolutionGuid = {C597B7E2-309D-4B3F-A169-37866638D58F}
	EndGlobalSection
EndGlobal
