
Microsoft Visual Studio Solution File, Format Version 12.00
# Visual Studio Version 17
VisualStudioVersion = 17.10.35013.160
MinimumVisualStudioVersion = 10.0.40219.1
Project("{8BC9CEB8-8B4A-11D0-8D11-00A0C91BC942}") = "QTMessenger", "QTMessenger\QTMessenger.vcxproj", "{694A267B-AE27-4403-B42C-A31A87BC7568}"
EndProject
Project("{8BC9CEB8-8B4A-11D0-8D11-00A0C91BC942}") = "QTServer1", "QTServer1\QTServer1.vcxproj", "{5C679BDF-A5D3-4941-846D-16DDFDE5016D}"
EndProject
Global
	GlobalSection(SolutionConfigurationPlatforms) = preSolution
		Debug|x64 = Debug|x64
		Release|x64 = Release|x64
	EndGlobalSection
	GlobalSection(ProjectConfigurationPlatforms) = postSolution
		{694A267B-AE27-4403-B42C-A31A87BC7568}.Debug|x64.ActiveCfg = Debug|x64
		{694A267B-AE27-4403-B42C-A31A87BC7568}.Debug|x64.Build.0 = Debug|x64
		{694A267B-AE27-4403-B42C-A31A87BC7568}.Release|x64.ActiveCfg = Release|x64
		{694A267B-AE27-4403-B42C-A31A87BC7568}.Release|x64.Build.0 = Release|x64
		{5C679BDF-A5D3-4941-846D-16DDFDE5016D}.Debug|x64.ActiveCfg = Debug|x64
		{5C679BDF-A5D3-4941-846D-16DDFDE5016D}.Debug|x64.Build.0 = Debug|x64
		{5C679BDF-A5D3-4941-846D-16DDFDE5016D}.Release|x64.ActiveCfg = Release|x64
		{5C679BDF-A5D3-4941-846D-16DDFDE5016D}.Release|x64.Build.0 = Release|x64
	EndGlobalSection
	GlobalSection(SolutionProperties) = preSolution
		HideSolutionNode = FALSE
	EndGlobalSection
	GlobalSection(ExtensibilityGlobals) = postSolution
		SolutionGuid = {C597B7E2-309D-4B3F-A169-37866638D58F}
	EndGlobalSection
EndGlobal
