
Microsoft Visual Studio Solution File, Format Version 12.00
# Visual Studio Version 17
VisualStudioVersion = 17.10.35013.160
MinimumVisualStudioVersion = 10.0.40219.1
Project("{8BC9CEB8-8B4A-11D0-8D11-00A0C91BC942}") = "QTServer", "QTServer\QTServer.vcxproj", "{9C55292B-E3D7-4BAA-98D2-AFEC5E5349B5}"
EndProject
Project("{8BC9CEB8-8B4A-11D0-8D11-00A0C91BC942}") = "QTClient", "QTClient\QTClient.vcxproj", "{07BFEAD9-77A5-4D7C-AC8E-F18200F4683F}"
EndProject
Global
	GlobalSection(SolutionConfigurationPlatforms) = preSolution
		Debug|x64 = Debug|x64
		Release|x64 = Release|x64
	EndGlobalSection
	GlobalSection(ProjectConfigurationPlatforms) = postSolution
		{9C55292B-E3D7-4BAA-98D2-AFEC5E5349B5}.Debug|x64.ActiveCfg = Debug|x64
		{9C55292B-E3D7-4BAA-98D2-AFEC5E5349B5}.Debug|x64.Build.0 = Debug|x64
		{9C55292B-E3D7-4BAA-98D2-AFEC5E5349B5}.Release|x64.ActiveCfg = Release|x64
		{9C55292B-E3D7-4BAA-98D2-AFEC5E5349B5}.Release|x64.Build.0 = Release|x64
		{07BFEAD9-77A5-4D7C-AC8E-F18200F4683F}.Debug|x64.ActiveCfg = Debug|x64
		{07BFEAD9-77A5-4D7C-AC8E-F18200F4683F}.Debug|x64.Build.0 = Debug|x64
		{07BFEAD9-77A5-4D7C-AC8E-F18200F4683F}.Release|x64.ActiveCfg = Release|x64
		{07BFEAD9-77A5-4D7C-AC8E-F18200F4683F}.Release|x64.Build.0 = Release|x64
	EndGlobalSection
	GlobalSection(SolutionProperties) = preSolution
		HideSolutionNode = FALSE
	EndGlobalSection
	GlobalSection(ExtensibilityGlobals) = postSolution
		SolutionGuid = {C597B7E2-309D-4B3F-A169-37866638D58F}
	EndGlobalSection
EndGlobal
